
Microsoft Visual Studio Solution File, Format Version 12.00
# Visual Studio Version 16
VisualStudioVersion = 16.0.32602.291
MinimumVisualStudioVersion = 10.0.40219.1
Project("{9A19103F-16F7-4668-BE54-9A1E7A4F7556}") = "UsersWebApi", "UsersWebApi\UsersWebApi.csproj", "{23D52917-D6A0-46C9-B8E0-B6CCC02E39C7}"
EndProject
Project("{9A19103F-16F7-4668-BE54-9A1E7A4F7556}") = "AuthCommon", "AuthCommon\AuthCommon.csproj", "{495E3256-5602-4B43-BE41-FA308D9637BB}"
EndProject
Global
	GlobalSection(SolutionConfigurationPlatforms) = preSolution
		Debug|Any CPU = Debug|Any CPU
		Release|Any CPU = Release|Any CPU
	EndGlobalSection
	GlobalSection(ProjectConfigurationPlatforms) = postSolution
		{23D52917-D6A0-46C9-B8E0-B6CCC02E39C7}.Debug|Any CPU.ActiveCfg = Debug|Any CPU
		{23D52917-D6A0-46C9-B8E0-B6CCC02E39C7}.Debug|Any CPU.Build.0 = Debug|Any CPU
		{23D52917-D6A0-46C9-B8E0-B6CCC02E39C7}.Release|Any CPU.ActiveCfg = Release|Any CPU
		{23D52917-D6A0-46C9-B8E0-B6CCC02E39C7}.Release|Any CPU.Build.0 = Release|Any CPU
		{495E3256-5602-4B43-BE41-FA308D9637BB}.Debug|Any CPU.ActiveCfg = Debug|Any CPU
		{495E3256-5602-4B43-BE41-FA308D9637BB}.Debug|Any CPU.Build.0 = Debug|Any CPU
		{495E3256-5602-4B43-BE41-FA308D9637BB}.Release|Any CPU.ActiveCfg = Release|Any CPU
		{495E3256-5602-4B43-BE41-FA308D9637BB}.Release|Any CPU.Build.0 = Release|Any CPU
	EndGlobalSection
	GlobalSection(SolutionProperties) = preSolution
		HideSolutionNode = FALSE
	EndGlobalSection
	GlobalSection(ExtensibilityGlobals) = postSolution
		SolutionGuid = {21C081F4-C52D-4DFA-A97A-6C62DAAD6B15}
	EndGlobalSection
EndGlobal
